
Microsoft Visual Studio Solution File, Format Version 12.00
# Visual Studio Version 16
VisualStudioVersion = 16.0.31911.196
MinimumVisualStudioVersion = 10.0.40219.1
Project("{FAE04EC0-301F-11D3-BF4B-00C04F79EFBC}") = "Mips16bits", "Mips16bits\Mips16bits.csproj", "{CDD1A738-2C34-4CC0-8E06-A53BE64FF128}"
EndProject
Global
	GlobalSection(SolutionConfigurationPlatforms) = preSolution
		Debug|Any CPU = Debug|Any CPU
		Release|Any CPU = Release|Any CPU
	EndGlobalSection
	GlobalSection(ProjectConfigurationPlatforms) = postSolution
		{CDD1A738-2C34-4CC0-8E06-A53BE64FF128}.Debug|Any CPU.ActiveCfg = Debug|Any CPU
		{CDD1A738-2C34-4CC0-8E06-A53BE64FF128}.Debug|Any CPU.Build.0 = Debug|Any CPU
		{CDD1A738-2C34-4CC0-8E06-A53BE64FF128}.Release|Any CPU.ActiveCfg = Release|Any CPU
		{CDD1A738-2C34-4CC0-8E06-A53BE64FF128}.Release|Any CPU.Build.0 = Release|Any CPU
	EndGlobalSection
	GlobalSection(SolutionProperties) = preSolution
		HideSolutionNode = FALSE
	EndGlobalSection
	GlobalSection(ExtensibilityGlobals) = postSolution
		SolutionGuid = {4BBA67ED-7FC1-4F3C-A5F9-CEFD214B43DB}
	EndGlobalSection
EndGlobal
